
Microsoft Visual Studio Solution File, Format Version 12.00
Project("{FAE04EC0-301F-11D3-BF4B-00C04F79EFBC}") = "Solid_Principles", "Solid_Principles\Solid_Principles.csproj", "{9230F91F-82E5-469D-B9D1-C47050F0E695}"
EndProject
Global
	GlobalSection(SolutionConfigurationPlatforms) = preSolution
		Debug|Any CPU = Debug|Any CPU
		Release|Any CPU = Release|Any CPU
	EndGlobalSection
	GlobalSection(ProjectConfigurationPlatforms) = postSolution
		{9230F91F-82E5-469D-B9D1-C47050F0E695}.Debug|Any CPU.ActiveCfg = Debug|Any CPU
		{9230F91F-82E5-469D-B9D1-C47050F0E695}.Debug|Any CPU.Build.0 = Debug|Any CPU
		{9230F91F-82E5-469D-B9D1-C47050F0E695}.Release|Any CPU.ActiveCfg = Release|Any CPU
		{9230F91F-82E5-469D-B9D1-C47050F0E695}.Release|Any CPU.Build.0 = Release|Any CPU
	EndGlobalSection
EndGlobal
